{
  "name": "nueva feria de ciencias",
  "lockfileVersion": 3,
  "requires": true,
  "packages": {
    "": {
      "dependencies": {
        "@openrouter/sdk": "^0.12.14"
      }
    },
    "node_modules/@openrouter/sdk": {
      "version": "0.12.14",
      "resolved": "https://registry.npmjs.org/@openrouter/sdk/-/sdk-0.12.14.tgz",
      "integrity": "sha512-G32CZ1IkmtsGfQF7/mzcvt7W0Lmd6HUHFGjDWv5knBvL6sJcMmX6i3VPSIpHQYSgEqRQSxFuDROP6iErTu7XcA==",
      "hasInstallScript": true,
      "license": "Apache-2.0",
      "dependencies": {
        "zod": "^3.25.0 || ^4.0.0"
      }
    },
    "node_modules/zod": {
      "version": "4.3.6",
      "resolved": "https://registry.npmjs.org/zod/-/zod-4.3.6.tgz",
      "integrity": "sha512-rftlrkhHZOcjDwkGlnUtZZkvaPHCsDATp4pGpuOOMDaTdDDXF91wuVDJoWoPsKX/3YPQ5fHuF3STjcYyKr+Qhg==",
      "license": "MIT",
      "funding": {
        "url": "https://github.com/sponsors/colinhacks"
      }
    }
  }
}
